
Microsoft Visual Studio Solution File, Format Version 12.00
# Visual Studio 15
VisualStudioVersion = 15.0.27428.2011
MinimumVisualStudioVersion = 10.0.40219.1
Project("{FAE04EC0-301F-11D3-BF4B-00C04F79EFBC}") = "TreeForDen", "TreeForDen\TreeForDen.csproj", "{C7EDED3A-991D-41DE-AE05-E16D8E477E4B}"
EndProject
Global
	GlobalSection(SolutionConfigurationPlatforms) = preSolution
		Debug|Any CPU = Debug|Any CPU
		Release|Any CPU = Release|Any CPU
	EndGlobalSection
	GlobalSection(ProjectConfigurationPlatforms) = postSolution
		{C7EDED3A-991D-41DE-AE05-E16D8E477E4B}.Debug|Any CPU.ActiveCfg = Debug|Any CPU
		{C7EDED3A-991D-41DE-AE05-E16D8E477E4B}.Debug|Any CPU.Build.0 = Debug|Any CPU
		{C7EDED3A-991D-41DE-AE05-E16D8E477E4B}.Release|Any CPU.ActiveCfg = Release|Any CPU
		{C7EDED3A-991D-41DE-AE05-E16D8E477E4B}.Release|Any CPU.Build.0 = Release|Any CPU
	EndGlobalSection
	GlobalSection(SolutionProperties) = preSolution
		HideSolutionNode = FALSE
	EndGlobalSection
	GlobalSection(ExtensibilityGlobals) = postSolution
		SolutionGuid = {4FBC7E40-E91F-41D6-9E02-416E7A05C5E4}
	EndGlobalSection
EndGlobal
